{
  "version": 4,
  "terraform_version": "1.3.6",
  "serial": 22,
  "lineage": "1f6a60bf-8487-1629-2156-ddaab7c76311",
  "outputs": {},
  "resources": [
    {
      "mode": "data",
      "type": "aws_iam_policy_document",
      "name": "vpc_flow_logs",
      "provider": "provider[\"registry.terraform.io/hashicorp/aws\"]",
      "instances": [
        {
          "schema_version": 0,
          "attributes": {
            "id": "3132378416",
            "json": "{\n  \"Version\": \"2012-10-17\",\n  \"Statement\": [\n    {\n      \"Sid\": \"vpcFlowLogs\",\n      \"Effect\": \"Deny\",\n      \"Action\": [\n        \"logs:DeleteLogStream\",\n        \"logs:DeleteLogGroup\",\n        \"ec2:DeleteFlowLogs\"\n      ],\n      \"Resource\": \"*\"\n    }\n  ]\n}",
            "override_json": null,
            "override_policy_documents": null,
            "policy_id": null,
            "source_json": null,
            "source_policy_documents": null,
            "statement": [
              {
                "actions": [
                  "ec2:DeleteFlowLogs",
                  "logs:DeleteLogGroup",
                  "logs:DeleteLogStream"
                ],
                "condition": [],
                "effect": "Deny",
                "not_actions": [],
                "not_principals": [],
                "not_resources": [],
                "principals": [],
                "resources": [
                  "*"
                ],
                "sid": "vpcFlowLogs"
              }
            ],
            "version": "2012-10-17"
          },
          "sensitive_attributes": []
        }
      ]
    },
    {
      "mode": "managed",
      "type": "aws_organizations_policy",
      "name": "vpc_flow_logs",
      "provider": "provider[\"registry.terraform.io/hashicorp/aws\"]",
      "instances": [
        {
          "schema_version": 0,
          "attributes": {
            "arn": "arn:aws:organizations::975300453774:policy/o-qntw3erzwt/service_control_policy/p-4idej4mg",
            "content": "{\n    \"Version\": \"2012-10-17\",\n    \"Statement\": [\n        {\n            \"Effect\": \"Deny\",\n            \"Action\": [\n                \"ec2:DeleteFlowLogs\",\n                \"logs:DeleteLogGroup\",\n                \"logs:DeleteLogStream\"\n            ],\n            \"Resource\": \"*\"\n        }\n    ]\n}",
            "description": "protect vpc flow logs",
            "id": "p-4idej4mg",
            "name": "vpc_flow_logs",
            "tags": null,
            "tags_all": {},
            "type": "SERVICE_CONTROL_POLICY"
          },
          "sensitive_attributes": [],
          "private": "bnVsbA=="
        }
      ]
    },
    {
      "mode": "managed",
      "type": "aws_organizations_policy_attachment",
      "name": "vpc_flow_logs",
      "provider": "provider[\"registry.terraform.io/hashicorp/aws\"]",
      "instances": [
        {
          "schema_version": 0,
          "attributes": {
            "id": "541383790912:p-4idej4mg",
            "policy_id": "p-4idej4mg",
            "target_id": "541383790912"
          },
          "sensitive_attributes": [],
          "private": "bnVsbA==",
          "dependencies": [
            "aws_organizations_policy.vpc_flow_logs"
          ]
        }
      ]
    }
  ],
  "check_results": null
}
