{
  "version": 4,
  "terraform_version": "1.4.0",
  "serial": 144,
  "lineage": "1a0070e3-7a29-8298-65ff-0d5cf25cace3",
  "outputs": {
    "out2": {
      "value": "file.txt",
      "type": "string"
    }
  },
  "resources": [
    {
      "module": "module.module1",
      "mode": "managed",
      "type": "local_file",
      "name": "local_file",
      "provider": "module.module1.provider[\"registry.terraform.io/hashicorp/local\"]",
      "instances": [
        {
          "schema_version": 0,
          "attributes": {
            "content": "testing modules",
            "content_base64": null,
            "content_base64sha256": "QwlIcZtsNbeRJL7skW+TunD8NHY4gdMZtYCCN7CTRRM=",
            "content_base64sha512": "UP0xD8KzOWd4tyM0Py6lgC3Yf8rIYhCDWzpvqWR4dsltsHyj0/JDHXAKkBNcemo6nAzMDLAkW5ArqHQT8jE6ZA==",
            "content_md5": "a2709ee3b180d9cde141dd80124bd807",
            "content_sha1": "4ab1c355db5d25b74f42c61d55ed29ce25d25996",
            "content_sha256": "430948719b6c35b79124beec916f93ba70fc34763881d319b5808237b0934513",
            "content_sha512": "50fd310fc2b3396778b723343f2ea5802dd87fcac86210835b3a6fa9647876c96db07ca3d3f2431d700a90135c7a6a3a9c0ccc0cb0245b902ba87413f2313a64",
            "directory_permission": "0777",
            "file_permission": "0777",
            "filename": "file.txt",
            "id": "4ab1c355db5d25b74f42c61d55ed29ce25d25996",
            "sensitive_content": null,
            "source": null
          },
          "sensitive_attributes": []
        }
      ]
    }
  ],
  "check_results": null
}
